
Microsoft Visual Studio Solution File, Format Version 12.00
# Visual Studio Version 16
VisualStudioVersion = 16.0.31321.278
MinimumVisualStudioVersion = 10.0.40219.1
Project("{FAE04EC0-301F-11D3-BF4B-00C04F79EFBC}") = "UpdateRecordModule_SH_N", "UpdateRecordModule\UpdateRecordModule_SH_N.csproj", "{673EFBAE-1C9B-4030-AFA4-6C3FC32C7367}"
EndProject
Global
	GlobalSection(SolutionConfigurationPlatforms) = preSolution
		Debug|Any CPU = Debug|Any CPU
		Release|Any CPU = Release|Any CPU
	EndGlobalSection
	GlobalSection(ProjectConfigurationPlatforms) = postSolution
		{673EFBAE-1C9B-4030-AFA4-6C3FC32C7367}.Debug|Any CPU.ActiveCfg = Debug|Any CPU
		{673EFBAE-1C9B-4030-AFA4-6C3FC32C7367}.Debug|Any CPU.Build.0 = Debug|Any CPU
		{673EFBAE-1C9B-4030-AFA4-6C3FC32C7367}.Release|Any CPU.ActiveCfg = Release|Any CPU
		{673EFBAE-1C9B-4030-AFA4-6C3FC32C7367}.Release|Any CPU.Build.0 = Release|Any CPU
	EndGlobalSection
	GlobalSection(SolutionProperties) = preSolution
		HideSolutionNode = FALSE
	EndGlobalSection
	GlobalSection(ExtensibilityGlobals) = postSolution
		SolutionGuid = {990201F9-8EC6-48D2-BEE6-06E9A94BED4C}
	EndGlobalSection
EndGlobal
